<?xml version="1.0" encoding="UTF-8"?>
<Scheme
   LastUpgradeVersion = "2630"
   version = "1.7">
   <BuildAction
      parallelizeBuildables = "YES"
      buildImplicitDependencies = "YES">
      <BuildActionEntries>
         <BuildActionEntry
            buildForTesting = "YES"
            buildForRunning = "YES"
            buildForProfiling = "YES"
            buildForArchiving = "YES"
            buildForAnalyzing = "YES">
            <BuildableReference
               BuildableIdentifier = "primary"
               BlueprintIdentifier = "AA12060000000000000001"
               BuildableName = "App15.app"
               BlueprintName = "App15"
               ReferencedContainer = "container:App15.xcodeproj">
            </BuildableReference>
         </BuildActionEntry>
      </BuildActionEntries>
   </BuildAction>
   <TestAction
      buildConfiguration = "Debug"
      selectedDebuggerIdentifier = "Xcode.DebuggerFoundation.Debugger.LLDB"
      selectedLauncherIdentifier = "Xcode.DebuggerFoundation.Launcher.LLDB"
      shouldUseLaunchSchemeArgsEnv = "YES">
      <TestPlans>
         <TestPlanReference
            reference = "container:TestPlans/AllTests.xctestplan"
            default = "YES">
         </TestPlanReference>
         <TestPlanReference
            reference = "container:TestPlans/LottieTests.xctestplan">
         </TestPlanReference>
         <TestPlanReference
            reference = "container:TestPlans/KingfisherTests.xctestplan">
         </TestPlanReference>
         <TestPlanReference
            reference = "container:TestPlans/NukeTests.xctestplan">
         </TestPlanReference>
         <TestPlanReference
            reference = "container:TestPlans/AlamofireTests.xctestplan">
         </TestPlanReference>
         <TestPlanReference
            reference = "container:TestPlans/MoyaTests.xctestplan">
         </TestPlanReference>
         <TestPlanReference
            reference = "container:TestPlans/MarkdownUITests.xctestplan">
         </TestPlanReference>
         <TestPlanReference
            reference = "container:TestPlans/GRDBTests.xctestplan">
         </TestPlanReference>
         <TestPlanReference
            reference = "container:TestPlans/DefaultsTests.xctestplan">
         </TestPlanReference>
         <TestPlanReference
            reference = "container:TestPlans/DependenciesTests.xctestplan">
         </TestPlanReference>
         <TestPlanReference
            reference = "container:TestPlans/CollectionsTests.xctestplan">
         </TestPlanReference>
         <TestPlanReference
            reference = "container:TestPlans/ChartsTests.xctestplan">
         </TestPlanReference>
         <TestPlanReference
            reference = "container:TestPlans/AppAuthTests.xctestplan">
         </TestPlanReference>
         <TestPlanReference
            reference = "container:TestPlans/LoggingTests.xctestplan">
         </TestPlanReference>
         <TestPlanReference
            reference = "container:TestPlans/FactoryTests.xctestplan">
         </TestPlanReference>
         <TestPlanReference
            reference = "container:TestPlans/SnapshotTestingTests.xctestplan">
         </TestPlanReference>
      </TestPlans>
   </TestAction>
   <LaunchAction
      buildConfiguration = "Debug"
      selectedDebuggerIdentifier = "Xcode.DebuggerFoundation.Debugger.LLDB"
      selectedLauncherIdentifier = "Xcode.DebuggerFoundation.Launcher.LLDB"
      launchStyle = "0"
      useCustomWorkingDirectory = "NO"
      ignoresPersistentStateOnLaunch = "NO"
      debugDocumentVersioning = "YES"
      debugServiceExtension = "internal"
      allowLocationSimulation = "YES">
      <BuildableProductRunnable
         runnableDebuggingMode = "0">
         <BuildableReference
            BuildableIdentifier = "primary"
            BlueprintIdentifier = "AA12060000000000000001"
            BuildableName = "App15.app"
            BlueprintName = "App15"
            ReferencedContainer = "container:App15.xcodeproj">
         </BuildableReference>
      </BuildableProductRunnable>
   </LaunchAction>
   <ProfileAction
      buildConfiguration = "Release"
      shouldUseLaunchSchemeArgsEnv = "YES"
      savedToolIdentifier = ""
      useCustomWorkingDirectory = "NO"
      debugDocumentVersioning = "YES">
      <BuildableProductRunnable
         runnableDebuggingMode = "0">
         <BuildableReference
            BuildableIdentifier = "primary"
            BlueprintIdentifier = "AA12060000000000000001"
            BuildableName = "App15.app"
            BlueprintName = "App15"
            ReferencedContainer = "container:App15.xcodeproj">
         </BuildableReference>
      </BuildableProductRunnable>
   </ProfileAction>
   <AnalyzeAction
      buildConfiguration = "Debug">
   </AnalyzeAction>
   <ArchiveAction
      buildConfiguration = "Release"
      revealArchiveInOrganizer = "YES">
   </ArchiveAction>
</Scheme>
