PODS:
  - Alamofire (5.11.2)
  - AppAuth (1.7.6):
    - AppAuth/Core (= 1.7.6)
    - AppAuth/ExternalUserAgent (= 1.7.6)
  - AppAuth/Core (1.7.6)
  - AppAuth/ExternalUserAgent (1.7.6):
    - AppAuth/Core
  - DGCharts (5.1.0):
    - DGCharts/Core (= 5.1.0)
  - DGCharts/Core (5.1.0)
  - Factory (2.5.2)
  - GRDB.swift (6.24.1):
    - GRDB.swift/standard (= 6.24.1)
  - GRDB.swift/standard (6.24.1)
  - Kingfisher (7.12.0)
  - lottie-ios (4.6.0)
  - Moya (15.0.0):
    - Moya/Core (= 15.0.0)
  - Moya/Core (15.0.0):
    - Alamofire (~> 5.0)
  - SnapshotTesting (1.9.0)

DEPENDENCIES:
  - Alamofire (~> 5.0)
  - AppAuth (~> 1.0)
  - DGCharts (~> 5.0)
  - Factory (~> 2.0)
  - GRDB.swift (~> 6.0)
  - Kingfisher (~> 7.0)
  - lottie-ios (~> 4.0)
  - Moya (~> 15.0)
  - SnapshotTesting (~> 1.0)

SPEC REPOS:
  trunk:
    - Alamofire
    - AppAuth
    - DGCharts
    - Factory
    - GRDB.swift
    - Kingfisher
    - lottie-ios
    - Moya
    - SnapshotTesting

SPEC CHECKSUMS:
  Alamofire: 400275dd1c6d87d95a041861d2a59da4b520a203
  AppAuth: d4f13a8fe0baf391b2108511793e4b479691fb73
  DGCharts: 1c6daf585b6cfc78807af44ea690d357c410627f
  Factory: bfc0d3ec51e8f1b0c91e715ea9b541bb2e1a6f85
  GRDB.swift: 136dcb5d8dddca50aae3ba7d77475f79e7232cd8
  Kingfisher: 53a10ea35051a436b5fb626ca2dd8f3144d755e9
  lottie-ios: 8f959969761e9c45d70353667d00af0e5b9cadb3
  Moya: 138f0573e53411fb3dc17016add0b748dfbd78ee
  SnapshotTesting: 6141c48b6aa76ead61431ca665c14ab9a066c53b

PODFILE CHECKSUM: effdcb3378fdca40005a81f7bcac22bfa6b538eb

COCOAPODS: 1.16.2
