// !$*UTF8*$!
{
	archiveVersion = 1;
	classes = {
	};
	objectVersion = 56;
	objects = {

/* Begin PBXBuildFile section */
		AA1001000000000000000001 /* App10App.swift in Sources */ = {isa = PBXBuildFile; fileRef = AA1002000000000000000001 /* App10App.swift */; };
		AA1001000000000000000002 /* DeviceInfo.swift in Sources */ = {isa = PBXBuildFile; fileRef = AA1002000000000000000002 /* DeviceInfo.swift */; };
		AA1001000000000000000003 /* DeviceInfoService.swift in Sources */ = {isa = PBXBuildFile; fileRef = AA1002000000000000000003 /* DeviceInfoService.swift */; };
		AA1001000000000000000004 /* DeviceInfoViewModel.swift in Sources */ = {isa = PBXBuildFile; fileRef = AA1002000000000000000004 /* DeviceInfoViewModel.swift */; };
		AA1001000000000000000005 /* DeviceInfoView.swift in Sources */ = {isa = PBXBuildFile; fileRef = AA1002000000000000000005 /* DeviceInfoView.swift */; };
		AA1001000000000000000006 /* Assets.xcassets in Resources */ = {isa = PBXBuildFile; fileRef = AA1002000000000000000006 /* Assets.xcassets */; };
		AA1001000000000000000007 /* Localizable.strings in Resources */ = {isa = PBXBuildFile; fileRef = AA1002000000000000000007 /* Localizable.strings */; };
		BB1001000000000000000001 /* App10Tests.swift in Sources */ = {isa = PBXBuildFile; fileRef = BB1002000000000000000001 /* App10Tests.swift */; };
		CC1001000000000000000001 /* App10UITests.swift in Sources */ = {isa = PBXBuildFile; fileRef = CC1002000000000000000001 /* App10UITests.swift */; };
		CT1001000000000000000001 /* DeviceKit.xcframework in Frameworks */ = {isa = PBXBuildFile; fileRef = CT1000000000000000000001 /* DeviceKit.xcframework */; };
		CT1001000000000000000002 /* DeviceKit.xcframework in Embed Frameworks */ = {isa = PBXBuildFile; fileRef = CT1000000000000000000001 /* DeviceKit.xcframework */; settings = {ATTRIBUTES = (CodeSignOnCopy, RemoveHeadersOnCopy, ); }; };
/* End PBXBuildFile section */

/* Begin PBXContainerItemProxy section */
		BB100E000000000000000001 /* PBXContainerItemProxy */ = {
			isa = PBXContainerItemProxy;
			containerPortal = AA100A000000000000000001 /* Project object */;
			proxyType = 1;
			remoteGlobalIDString = AA1006000000000000000001;
			remoteInfo = App10;
		};
		CC100E000000000000000001 /* PBXContainerItemProxy */ = {
			isa = PBXContainerItemProxy;
			containerPortal = AA100A000000000000000001 /* Project object */;
			proxyType = 1;
			remoteGlobalIDString = AA1006000000000000000001;
			remoteInfo = App10;
		};
/* End PBXContainerItemProxy section */

/* Begin PBXCopyFilesBuildPhase section */
		CT1003000000000000000001 /* Embed Frameworks */ = {
			isa = PBXCopyFilesBuildPhase;
			buildActionMask = 2147483647;
			dstPath = "";
			dstSubfolderSpec = 10;
			files = (
				CT1001000000000000000002 /* DeviceKit.xcframework in Embed Frameworks */,
			);
			name = "Embed Frameworks";
			runOnlyForDeploymentPostprocessing = 0;
		};
/* End PBXCopyFilesBuildPhase section */

/* Begin PBXFileReference section */
		AA1002000000000000000001 /* App10App.swift */ = {isa = PBXFileReference; lastKnownFileType = sourcecode.swift; path = App10App.swift; sourceTree = "<group>"; };
		AA1002000000000000000002 /* DeviceInfo.swift */ = {isa = PBXFileReference; lastKnownFileType = sourcecode.swift; path = DeviceInfo.swift; sourceTree = "<group>"; };
		AA1002000000000000000003 /* DeviceInfoService.swift */ = {isa = PBXFileReference; lastKnownFileType = sourcecode.swift; path = DeviceInfoService.swift; sourceTree = "<group>"; };
		AA1002000000000000000004 /* DeviceInfoViewModel.swift */ = {isa = PBXFileReference; lastKnownFileType = sourcecode.swift; path = DeviceInfoViewModel.swift; sourceTree = "<group>"; };
		AA1002000000000000000005 /* DeviceInfoView.swift */ = {isa = PBXFileReference; lastKnownFileType = sourcecode.swift; path = DeviceInfoView.swift; sourceTree = "<group>"; };
		AA1002000000000000000006 /* Assets.xcassets */ = {isa = PBXFileReference; lastKnownFileType = folder.assetcatalog; path = Assets.xcassets; sourceTree = "<group>"; };
		AA1002000000000000000008 /* en */ = {isa = PBXFileReference; lastKnownFileType = text.plist.strings; name = en; path = en.lproj/Localizable.strings; sourceTree = "<group>"; };
		AA1002000000000000000009 /* de */ = {isa = PBXFileReference; lastKnownFileType = text.plist.strings; name = de; path = de.lproj/Localizable.strings; sourceTree = "<group>"; };
		AA102000000000000000000A /* App10.app */ = {isa = PBXFileReference; explicitFileType = wrapper.application; includeInIndex = 0; path = App10.app; sourceTree = BUILT_PRODUCTS_DIR; };
		BB1002000000000000000001 /* App10Tests.swift */ = {isa = PBXFileReference; lastKnownFileType = sourcecode.swift; path = App10Tests.swift; sourceTree = "<group>"; };
		BB102000000000000000000A /* App10Tests.xctest */ = {isa = PBXFileReference; explicitFileType = wrapper.cfbundle; includeInIndex = 0; path = App10Tests.xctest; sourceTree = BUILT_PRODUCTS_DIR; };
		CC1002000000000000000001 /* App10UITests.swift */ = {isa = PBXFileReference; lastKnownFileType = sourcecode.swift; path = App10UITests.swift; sourceTree = "<group>"; };
		CC102000000000000000000A /* App10UITests.xctest */ = {isa = PBXFileReference; explicitFileType = wrapper.cfbundle; includeInIndex = 0; path = App10UITests.xctest; sourceTree = BUILT_PRODUCTS_DIR; };
		CT1000000000000000000001 /* DeviceKit.xcframework */ = {isa = PBXFileReference; lastKnownFileType = wrapper.xcframework; name = DeviceKit.xcframework; path = Carthage/Build/DeviceKit.xcframework; sourceTree = "<group>"; };
/* End PBXFileReference section */

/* Begin PBXFrameworksBuildPhase section */
		AA1003000000000000000001 /* Frameworks */ = {
			isa = PBXFrameworksBuildPhase;
			buildActionMask = 2147483647;
			files = (
				CT1001000000000000000001 /* DeviceKit.xcframework in Frameworks */,
			);
			runOnlyForDeploymentPostprocessing = 0;
		};
		BB1003000000000000000001 /* Frameworks */ = {
			isa = PBXFrameworksBuildPhase;
			buildActionMask = 2147483647;
			files = (
			);
			runOnlyForDeploymentPostprocessing = 0;
		};
		CC1003000000000000000001 /* Frameworks */ = {
			isa = PBXFrameworksBuildPhase;
			buildActionMask = 2147483647;
			files = (
			);
			runOnlyForDeploymentPostprocessing = 0;
		};
/* End PBXFrameworksBuildPhase section */

/* Begin PBXGroup section */
		AA1004000000000000000001 /* App10 */ = {
			isa = PBXGroup;
			children = (
				AA1002000000000000000001 /* App10App.swift */,
				AA1004000000000000000003 /* Model */,
				AA1004000000000000000004 /* Service */,
				AA1004000000000000000005 /* ViewModel */,
				AA1004000000000000000006 /* Views */,
				AA1004000000000000000007 /* Resources */,
			);
			path = App10;
			sourceTree = "<group>";
		};
		AA1004000000000000000002 /* Products */ = {
			isa = PBXGroup;
			children = (
				AA102000000000000000000A /* App10.app */,
				BB102000000000000000000A /* App10Tests.xctest */,
				CC102000000000000000000A /* App10UITests.xctest */,
			);
			name = Products;
			sourceTree = "<group>";
		};
		AA1004000000000000000003 /* Model */ = {
			isa = PBXGroup;
			children = (
				AA1002000000000000000002 /* DeviceInfo.swift */,
			);
			path = Model;
			sourceTree = "<group>";
		};
		AA1004000000000000000004 /* Service */ = {
			isa = PBXGroup;
			children = (
				AA1002000000000000000003 /* DeviceInfoService.swift */,
			);
			path = Service;
			sourceTree = "<group>";
		};
		AA1004000000000000000005 /* ViewModel */ = {
			isa = PBXGroup;
			children = (
				AA1002000000000000000004 /* DeviceInfoViewModel.swift */,
			);
			path = ViewModel;
			sourceTree = "<group>";
		};
		AA1004000000000000000006 /* Views */ = {
			isa = PBXGroup;
			children = (
				AA1002000000000000000005 /* DeviceInfoView.swift */,
			);
			path = Views;
			sourceTree = "<group>";
		};
		AA1004000000000000000007 /* Resources */ = {
			isa = PBXGroup;
			children = (
				AA1002000000000000000006 /* Assets.xcassets */,
				AA1002000000000000000007 /* Localizable.strings */,
			);
			name = Resources;
			sourceTree = "<group>";
		};
		AA100500000000000000000A = {
			isa = PBXGroup;
			children = (
				AA1004000000000000000001 /* App10 */,
				BB1004000000000000000001 /* App10Tests */,
				CC1004000000000000000001 /* App10UITests */,
				AA1004000000000000000002 /* Products */,
				CT1004000000000000000001 /* Frameworks */,
			);
			sourceTree = "<group>";
		};
		BB1004000000000000000001 /* App10Tests */ = {
			isa = PBXGroup;
			children = (
				BB1002000000000000000001 /* App10Tests.swift */,
			);
			path = App10Tests;
			sourceTree = "<group>";
		};
		CC1004000000000000000001 /* App10UITests */ = {
			isa = PBXGroup;
			children = (
				CC1002000000000000000001 /* App10UITests.swift */,
			);
			path = App10UITests;
			sourceTree = "<group>";
		};
		CT1004000000000000000001 /* Frameworks */ = {
			isa = PBXGroup;
			children = (
				CT1000000000000000000001 /* DeviceKit.xcframework */,
			);
			name = Frameworks;
			sourceTree = "<group>";
		};
/* End PBXGroup section */

/* Begin PBXNativeTarget section */
		AA1006000000000000000001 /* App10 */ = {
			isa = PBXNativeTarget;
			buildConfigurationList = AA1009000000000000000002 /* Build configuration list for PBXNativeTarget "App10" */;
			buildPhases = (
				AA1007000000000000000001 /* Sources */,
				AA1003000000000000000001 /* Frameworks */,
				AA1008000000000000000001 /* Resources */,
				CT1003000000000000000001 /* Embed Frameworks */,
			);
			buildRules = (
			);
			dependencies = (
			);
			name = App10;
			productName = App10;
			productReference = AA102000000000000000000A /* App10.app */;
			productType = "com.apple.product-type.application";
		};
		BB1006000000000000000001 /* App10Tests */ = {
			isa = PBXNativeTarget;
			buildConfigurationList = BB1009000000000000000002 /* Build configuration list for PBXNativeTarget "App10Tests" */;
			buildPhases = (
				BB1007000000000000000001 /* Sources */,
				BB1003000000000000000001 /* Frameworks */,
				BB1008000000000000000001 /* Resources */,
			);
			buildRules = (
			);
			dependencies = (
				BB100D000000000000000001 /* PBXTargetDependency */,
			);
			name = App10Tests;
			productName = App10Tests;
			productReference = BB102000000000000000000A /* App10Tests.xctest */;
			productType = "com.apple.product-type.bundle.unit-test";
		};
		CC1006000000000000000001 /* App10UITests */ = {
			isa = PBXNativeTarget;
			buildConfigurationList = CC1009000000000000000002 /* Build configuration list for PBXNativeTarget "App10UITests" */;
			buildPhases = (
				CC1007000000000000000001 /* Sources */,
				CC1003000000000000000001 /* Frameworks */,
				CC1008000000000000000001 /* Resources */,
			);
			buildRules = (
			);
			dependencies = (
				CC100D000000000000000001 /* PBXTargetDependency */,
			);
			name = App10UITests;
			productName = App10UITests;
			productReference = CC102000000000000000000A /* App10UITests.xctest */;
			productType = "com.apple.product-type.bundle.ui-testing";
		};
/* End PBXNativeTarget section */

/* Begin PBXProject section */
		AA100A000000000000000001 /* Project object */ = {
			isa = PBXProject;
			attributes = {
				BuildIndependentTargetsInParallel = 1;
				LastSwiftUpdateCheck = 1630;
				LastUpgradeCheck = 1630;
				TargetAttributes = {
					AA1006000000000000000001 = {
						CreatedOnToolsVersion = 16.3;
					};
					BB1006000000000000000001 = {
						CreatedOnToolsVersion = 16.3;
						TestTargetID = AA1006000000000000000001;
					};
					CC1006000000000000000001 = {
						CreatedOnToolsVersion = 16.3;
						TestTargetID = AA1006000000000000000001;
					};
				};
			};
			buildConfigurationList = AA1009000000000000000001 /* Build configuration list for PBXProject "App10" */;
			compatibilityVersion = "Xcode 14.0";
			developmentRegion = en;
			hasScannedForEncodings = 0;
			knownRegions = (
				en,
				de,
				Base,
			);
			mainGroup = AA100500000000000000000A;
			productRefGroup = AA1004000000000000000002 /* Products */;
			projectDirPath = "";
			projectRoot = "";
			targets = (
				AA1006000000000000000001 /* App10 */,
				BB1006000000000000000001 /* App10Tests */,
				CC1006000000000000000001 /* App10UITests */,
			);
		};
/* End PBXProject section */

/* Begin PBXResourcesBuildPhase section */
		AA1008000000000000000001 /* Resources */ = {
			isa = PBXResourcesBuildPhase;
			buildActionMask = 2147483647;
			files = (
				AA1001000000000000000006 /* Assets.xcassets in Resources */,
				AA1001000000000000000007 /* Localizable.strings in Resources */,
			);
			runOnlyForDeploymentPostprocessing = 0;
		};
		BB1008000000000000000001 /* Resources */ = {
			isa = PBXResourcesBuildPhase;
			buildActionMask = 2147483647;
			files = (
			);
			runOnlyForDeploymentPostprocessing = 0;
		};
		CC1008000000000000000001 /* Resources */ = {
			isa = PBXResourcesBuildPhase;
			buildActionMask = 2147483647;
			files = (
			);
			runOnlyForDeploymentPostprocessing = 0;
		};
/* End PBXResourcesBuildPhase section */

/* Begin PBXSourcesBuildPhase section */
		AA1007000000000000000001 /* Sources */ = {
			isa = PBXSourcesBuildPhase;
			buildActionMask = 2147483647;
			files = (
				AA1001000000000000000001 /* App10App.swift in Sources */,
				AA1001000000000000000002 /* DeviceInfo.swift in Sources */,
				AA1001000000000000000003 /* DeviceInfoService.swift in Sources */,
				AA1001000000000000000004 /* DeviceInfoViewModel.swift in Sources */,
				AA1001000000000000000005 /* DeviceInfoView.swift in Sources */,
			);
			runOnlyForDeploymentPostprocessing = 0;
		};
		BB1007000000000000000001 /* Sources */ = {
			isa = PBXSourcesBuildPhase;
			buildActionMask = 2147483647;
			files = (
				BB1001000000000000000001 /* App10Tests.swift in Sources */,
			);
			runOnlyForDeploymentPostprocessing = 0;
		};
		CC1007000000000000000001 /* Sources */ = {
			isa = PBXSourcesBuildPhase;
			buildActionMask = 2147483647;
			files = (
				CC1001000000000000000001 /* App10UITests.swift in Sources */,
			);
			runOnlyForDeploymentPostprocessing = 0;
		};
/* End PBXSourcesBuildPhase section */

/* Begin PBXTargetDependency section */
		BB100D000000000000000001 /* PBXTargetDependency */ = {
			isa = PBXTargetDependency;
			target = AA1006000000000000000001 /* App10 */;
			targetProxy = BB100E000000000000000001 /* PBXContainerItemProxy */;
		};
		CC100D000000000000000001 /* PBXTargetDependency */ = {
			isa = PBXTargetDependency;
			target = AA1006000000000000000001 /* App10 */;
			targetProxy = CC100E000000000000000001 /* PBXContainerItemProxy */;
		};
/* End PBXTargetDependency section */

/* Begin PBXVariantGroup section */
		AA1002000000000000000007 /* Localizable.strings */ = {
			isa = PBXVariantGroup;
			children = (
				AA1002000000000000000008 /* en */,
				AA1002000000000000000009 /* de */,
			);
			name = Localizable.strings;
			sourceTree = "<group>";
		};
/* End PBXVariantGroup section */

/* Begin XCBuildConfiguration section */
		AA100B000000000000000001 /* Debug */ = {
			isa = XCBuildConfiguration;
			buildSettings = {
				ALWAYS_SEARCH_USER_PATHS = NO;
				ASSETCATALOG_COMPILER_GENERATE_SWIFT_ASSET_SYMBOL_EXTENSIONS = YES;
				CLANG_ANALYZER_NONNULL = YES;
				CLANG_ANALYZER_NUMBER_OBJECT_CONVERSION = YES_AGGRESSIVE;
				CLANG_CXX_LANGUAGE_STANDARD = "gnu++20";
				CLANG_ENABLE_MODULES = YES;
				CLANG_ENABLE_OBJC_ARC = YES;
				CLANG_ENABLE_OBJC_WEAK = YES;
				CLANG_WARN_BLOCK_CAPTURE_AUTORELEASING = YES;
				CLANG_WARN_BOOL_CONVERSION = YES;
				CLANG_WARN_COMMA = YES;
				CLANG_WARN_CONSTANT_CONVERSION = YES;
				CLANG_WARN_DEPRECATED_OBJC_IMPLEMENTATIONS = YES;
				CLANG_WARN_DIRECT_OBJC_ISA_USAGE = YES_ERROR;
				CLANG_WARN_DOCUMENTATION_COMMENTS = YES;
				CLANG_WARN_EMPTY_BODY = YES;
				CLANG_WARN_ENUM_CONVERSION = YES;
				CLANG_WARN_INFINITE_RECURSION = YES;
				CLANG_WARN_INT_CONVERSION = YES;
				CLANG_WARN_NON_LITERAL_NULL_CONVERSION = YES;
				CLANG_WARN_OBJC_IMPLICIT_RETAIN_SELF = YES;
				CLANG_WARN_OBJC_LITERAL_CONVERSION = YES;
				CLANG_WARN_OBJC_ROOT_CLASS = YES_ERROR;
				CLANG_WARN_QUOTED_INCLUDE_IN_FRAMEWORK_HEADER = YES;
				CLANG_WARN_RANGE_LOOP_ANALYSIS = YES;
				CLANG_WARN_STRICT_PROTOTYPES = YES;
				CLANG_WARN_SUSPICIOUS_MOVE = YES;
				CLANG_WARN_UNGUARDED_AVAILABILITY = YES_AGGRESSIVE;
				CLANG_WARN_UNREACHABLE_CODE = YES;
				CLANG_WARN__DUPLICATE_METHOD_MATCH = YES;
				COPY_PHASE_STRIP = NO;
				DEBUG_INFORMATION_FORMAT = dwarf;
				ENABLE_STRICT_OBJC_MSGSEND = YES;
				ENABLE_TESTABILITY = YES;
				ENABLE_USER_SCRIPT_SANDBOXING = YES;
				GCC_C_LANGUAGE_STANDARD = gnu17;
				GCC_DYNAMIC_NO_PIC = NO;
				GCC_NO_COMMON_BLOCKS = YES;
				GCC_OPTIMIZATION_LEVEL = 0;
				GCC_PREPROCESSOR_DEFINITIONS = (
					"DEBUG=1",
					"$(inherited)",
				);
				GCC_WARN_64_TO_32_BIT_CONVERSION = YES;
				GCC_WARN_ABOUT_RETURN_TYPE = YES_ERROR;
				GCC_WARN_UNDECLARED_SELECTOR = YES;
				GCC_WARN_UNINITIALIZED_AUTOS = YES_AGGRESSIVE;
				GCC_WARN_UNUSED_FUNCTION = YES;
				GCC_WARN_UNUSED_VARIABLE = YES;
				IPHONEOS_DEPLOYMENT_TARGET = 18.0;
				MTL_ENABLE_DEBUG_INFO = INCLUDE_SOURCE;
				MTL_FAST_MATH = YES;
				ONLY_ACTIVE_ARCH = YES;
				SDKROOT = iphoneos;
				SWIFT_ACTIVE_COMPILATION_CONDITIONS = DEBUG;
				SWIFT_OPTIMIZATION_LEVEL = "-Onone";
			};
			name = Debug;
		};
		AA100B000000000000000002 /* Release */ = {
			isa = XCBuildConfiguration;
			buildSettings = {
				ALWAYS_SEARCH_USER_PATHS = NO;
				ASSETCATALOG_COMPILER_GENERATE_SWIFT_ASSET_SYMBOL_EXTENSIONS = YES;
				CLANG_ANALYZER_NONNULL = YES;
				CLANG_ANALYZER_NUMBER_OBJECT_CONVERSION = YES_AGGRESSIVE;
				CLANG_CXX_LANGUAGE_STANDARD = "gnu++20";
				CLANG_ENABLE_MODULES = YES;
				CLANG_ENABLE_OBJC_ARC = YES;
				CLANG_ENABLE_OBJC_WEAK = YES;
				CLANG_WARN_BLOCK_CAPTURE_AUTORELEASING = YES;
				CLANG_WARN_BOOL_CONVERSION = YES;
				CLANG_WARN_COMMA = YES;
				CLANG_WARN_CONSTANT_CONVERSION = YES;
				CLANG_WARN_DEPRECATED_OBJC_IMPLEMENTATIONS = YES;
				CLANG_WARN_DIRECT_OBJC_ISA_USAGE = YES_ERROR;
				CLANG_WARN_DOCUMENTATION_COMMENTS = YES;
				CLANG_WARN_EMPTY_BODY = YES;
				CLANG_WARN_ENUM_CONVERSION = YES;
				CLANG_WARN_INFINITE_RECURSION = YES;
				CLANG_WARN_INT_CONVERSION = YES;
				CLANG_WARN_NON_LITERAL_NULL_CONVERSION = YES;
				CLANG_WARN_OBJC_IMPLICIT_RETAIN_SELF = YES;
				CLANG_WARN_OBJC_LITERAL_CONVERSION = YES;
				CLANG_WARN_OBJC_ROOT_CLASS = YES_ERROR;
				CLANG_WARN_QUOTED_INCLUDE_IN_FRAMEWORK_HEADER = YES;
				CLANG_WARN_RANGE_LOOP_ANALYSIS = YES;
				CLANG_WARN_STRICT_PROTOTYPES = YES;
				CLANG_WARN_SUSPICIOUS_MOVE = YES;
				CLANG_WARN_UNGUARDED_AVAILABILITY = YES_AGGRESSIVE;
				CLANG_WARN_UNREACHABLE_CODE = YES;
				CLANG_WARN__DUPLICATE_METHOD_MATCH = YES;
				COPY_PHASE_STRIP = NO;
				DEBUG_INFORMATION_FORMAT = "dwarf-with-dsym";
				ENABLE_NS_ASSERTIONS = NO;
				ENABLE_STRICT_OBJC_MSGSEND = YES;
				ENABLE_USER_SCRIPT_SANDBOXING = YES;
				GCC_C_LANGUAGE_STANDARD = gnu17;
				GCC_NO_COMMON_BLOCKS = YES;
				GCC_WARN_64_TO_32_BIT_CONVERSION = YES;
				GCC_WARN_ABOUT_RETURN_TYPE = YES_ERROR;
				GCC_WARN_UNDECLARED_SELECTOR = YES;
				GCC_WARN_UNINITIALIZED_AUTOS = YES_AGGRESSIVE;
				GCC_WARN_UNUSED_FUNCTION = YES;
				GCC_WARN_UNUSED_VARIABLE = YES;
				IPHONEOS_DEPLOYMENT_TARGET = 18.0;
				MTL_FAST_MATH = YES;
				SDKROOT = iphoneos;
				SWIFT_COMPILATION_MODE = wholemodule;
				SWIFT_OPTIMIZATION_LEVEL = "-O";
				VALIDATE_PRODUCT = YES;
			};
			name = Release;
		};
		AA100B000000000000000003 /* Debug */ = {
			isa = XCBuildConfiguration;
			buildSettings = {
				ASSETCATALOG_COMPILER_APPICON_NAME = AppIcon;
				ASSETCATALOG_COMPILER_GLOBAL_ACCENT_COLOR_NAME = AccentColor;
				CODE_SIGN_STYLE = Automatic;
				CURRENT_PROJECT_VERSION = 1;
				DEVELOPMENT_ASSET_PATHS = "";
				DEVELOPMENT_TEAM = RA49YSKNYN;
				ENABLE_PREVIEWS = YES;
				GENERATE_INFOPLIST_FILE = YES;
				INFOPLIST_KEY_UIApplicationSceneManifest_Generation = YES;
				INFOPLIST_KEY_UIApplicationSupportsIndirectInputEvents = YES;
				INFOPLIST_KEY_UILaunchScreen_Generation = YES;
				INFOPLIST_KEY_UISupportedInterfaceOrientations_iPad = "UIInterfaceOrientationPortrait UIInterfaceOrientationPortraitUpsideDown UIInterfaceOrientationLandscapeLeft UIInterfaceOrientationLandscapeRight";
				INFOPLIST_KEY_UISupportedInterfaceOrientations_iPhone = "UIInterfaceOrientationPortrait UIInterfaceOrientationLandscapeLeft UIInterfaceOrientationLandscapeRight UIInterfaceOrientationPortraitUpsideDown";
				IPHONEOS_DEPLOYMENT_TARGET = 18.0;
				LD_RUNPATH_SEARCH_PATHS = (
					"$(inherited)",
					"@executable_path/Frameworks",
				);
				MARKETING_VERSION = 1.0;
				PRODUCT_BUNDLE_IDENTIFIER = de.drapatz.App10;
				PRODUCT_NAME = "$(TARGET_NAME)";
				SWIFT_EMIT_LOC_STRINGS = YES;
				SWIFT_VERSION = 5.0;
				TARGETED_DEVICE_FAMILY = "1,2";
			};
			name = Debug;
		};
		AA100B000000000000000004 /* Release */ = {
			isa = XCBuildConfiguration;
			buildSettings = {
				ASSETCATALOG_COMPILER_APPICON_NAME = AppIcon;
				ASSETCATALOG_COMPILER_GLOBAL_ACCENT_COLOR_NAME = AccentColor;
				CODE_SIGN_STYLE = Automatic;
				CURRENT_PROJECT_VERSION = 1;
				DEVELOPMENT_ASSET_PATHS = "";
				DEVELOPMENT_TEAM = RA49YSKNYN;
				ENABLE_PREVIEWS = YES;
				GENERATE_INFOPLIST_FILE = YES;
				INFOPLIST_KEY_UIApplicationSceneManifest_Generation = YES;
				INFOPLIST_KEY_UIApplicationSupportsIndirectInputEvents = YES;
				INFOPLIST_KEY_UILaunchScreen_Generation = YES;
				INFOPLIST_KEY_UISupportedInterfaceOrientations_iPad = "UIInterfaceOrientationPortrait UIInterfaceOrientationPortraitUpsideDown UIInterfaceOrientationLandscapeLeft UIInterfaceOrientationLandscapeRight";
				INFOPLIST_KEY_UISupportedInterfaceOrientations_iPhone = "UIInterfaceOrientationPortrait UIInterfaceOrientationLandscapeLeft UIInterfaceOrientationLandscapeRight UIInterfaceOrientationPortraitUpsideDown";
				IPHONEOS_DEPLOYMENT_TARGET = 18.0;
				LD_RUNPATH_SEARCH_PATHS = (
					"$(inherited)",
					"@executable_path/Frameworks",
				);
				MARKETING_VERSION = 1.0;
				PRODUCT_BUNDLE_IDENTIFIER = de.drapatz.App10;
				PRODUCT_NAME = "$(TARGET_NAME)";
				SWIFT_EMIT_LOC_STRINGS = YES;
				SWIFT_VERSION = 5.0;
				TARGETED_DEVICE_FAMILY = "1,2";
			};
			name = Release;
		};
		BB100B000000000000000003 /* Debug */ = {
			isa = XCBuildConfiguration;
			buildSettings = {
				BUNDLE_LOADER = "$(TEST_HOST)";
				CODE_SIGN_STYLE = Automatic;
				CURRENT_PROJECT_VERSION = 1;
				DEVELOPMENT_TEAM = RA49YSKNYN;
				GENERATE_INFOPLIST_FILE = YES;
				IPHONEOS_DEPLOYMENT_TARGET = 18.0;
				MARKETING_VERSION = 1.0;
				PRODUCT_BUNDLE_IDENTIFIER = de.drapatz.App10Tests;
				PRODUCT_NAME = "$(TARGET_NAME)";
				SWIFT_EMIT_LOC_STRINGS = NO;
				SWIFT_VERSION = 5.0;
				TARGETED_DEVICE_FAMILY = "1,2";
				TEST_HOST = "$(BUILT_PRODUCTS_DIR)/App10.app/$(BUNDLE_EXECUTABLE_FOLDER_PATH)/App10";
			};
			name = Debug;
		};
		BB100B000000000000000004 /* Release */ = {
			isa = XCBuildConfiguration;
			buildSettings = {
				BUNDLE_LOADER = "$(TEST_HOST)";
				CODE_SIGN_STYLE = Automatic;
				CURRENT_PROJECT_VERSION = 1;
				DEVELOPMENT_TEAM = RA49YSKNYN;
				GENERATE_INFOPLIST_FILE = YES;
				IPHONEOS_DEPLOYMENT_TARGET = 18.0;
				MARKETING_VERSION = 1.0;
				PRODUCT_BUNDLE_IDENTIFIER = de.drapatz.App10Tests;
				PRODUCT_NAME = "$(TARGET_NAME)";
				SWIFT_EMIT_LOC_STRINGS = NO;
				SWIFT_VERSION = 5.0;
				TARGETED_DEVICE_FAMILY = "1,2";
				TEST_HOST = "$(BUILT_PRODUCTS_DIR)/App10.app/$(BUNDLE_EXECUTABLE_FOLDER_PATH)/App10";
			};
			name = Release;
		};
		CC100B000000000000000003 /* Debug */ = {
			isa = XCBuildConfiguration;
			buildSettings = {
				CODE_SIGN_STYLE = Automatic;
				CURRENT_PROJECT_VERSION = 1;
				DEVELOPMENT_TEAM = RA49YSKNYN;
				GENERATE_INFOPLIST_FILE = YES;
				IPHONEOS_DEPLOYMENT_TARGET = 18.0;
				MARKETING_VERSION = 1.0;
				PRODUCT_BUNDLE_IDENTIFIER = de.drapatz.App10UITests;
				PRODUCT_NAME = "$(TARGET_NAME)";
				SWIFT_EMIT_LOC_STRINGS = NO;
				SWIFT_VERSION = 5.0;
				TARGETED_DEVICE_FAMILY = "1,2";
				TEST_TARGET_NAME = App10;
			};
			name = Debug;
		};
		CC100B000000000000000004 /* Release */ = {
			isa = XCBuildConfiguration;
			buildSettings = {
				CODE_SIGN_STYLE = Automatic;
				CURRENT_PROJECT_VERSION = 1;
				DEVELOPMENT_TEAM = RA49YSKNYN;
				GENERATE_INFOPLIST_FILE = YES;
				IPHONEOS_DEPLOYMENT_TARGET = 18.0;
				MARKETING_VERSION = 1.0;
				PRODUCT_BUNDLE_IDENTIFIER = de.drapatz.App10UITests;
				PRODUCT_NAME = "$(TARGET_NAME)";
				SWIFT_EMIT_LOC_STRINGS = NO;
				SWIFT_VERSION = 5.0;
				TARGETED_DEVICE_FAMILY = "1,2";
				TEST_TARGET_NAME = App10;
			};
			name = Release;
		};
/* End XCBuildConfiguration section */

/* Begin XCConfigurationList section */
		AA1009000000000000000001 /* Build configuration list for PBXProject "App10" */ = {
			isa = XCConfigurationList;
			buildConfigurations = (
				AA100B000000000000000001 /* Debug */,
				AA100B000000000000000002 /* Release */,
			);
			defaultConfigurationIsVisible = 0;
			defaultConfigurationName = Release;
		};
		AA1009000000000000000002 /* Build configuration list for PBXNativeTarget "App10" */ = {
			isa = XCConfigurationList;
			buildConfigurations = (
				AA100B000000000000000003 /* Debug */,
				AA100B000000000000000004 /* Release */,
			);
			defaultConfigurationIsVisible = 0;
			defaultConfigurationName = Release;
		};
		BB1009000000000000000002 /* Build configuration list for PBXNativeTarget "App10Tests" */ = {
			isa = XCConfigurationList;
			buildConfigurations = (
				BB100B000000000000000003 /* Debug */,
				BB100B000000000000000004 /* Release */,
			);
			defaultConfigurationIsVisible = 0;
			defaultConfigurationName = Release;
		};
		CC1009000000000000000002 /* Build configuration list for PBXNativeTarget "App10UITests" */ = {
			isa = XCConfigurationList;
			buildConfigurations = (
				CC100B000000000000000003 /* Debug */,
				CC100B000000000000000004 /* Release */,
			);
			defaultConfigurationIsVisible = 0;
			defaultConfigurationName = Release;
		};
/* End XCConfigurationList section */
	};
	rootObject = AA100A000000000000000001 /* Project object */;
}
